# This file is automatically @generated by Cargo.
# It is not intended for manual editing.
version = 4

[[package]]
name = "furnace-plugin-git"
version = "0.1.0"

[[package]]
name = "furnace-plugin-hello-world"
version = "0.1.0"

[[package]]
name = "furnace-plugin-sysinfo"
version = "0.1.0"

[[package]]
name = "furnace-plugin-text"
version = "0.1.0"

[[package]]
name = "furnace-plugin-weather"
version = "0.1.0"
